PODS:
  - BugSense (3.6)
  - CDZQRScanningViewController (1.0.6)
  - SSDataSources (0.3.5)

DEPENDENCIES:
  - BugSense (~> 3.6.0)
  - CDZQRScanningViewController (from `~/code/CDZQRScanningViewController`)
  - SSDataSources (~> 0.3.3)

EXTERNAL SOURCES:
  CDZQRScanningViewController:
    :path: ~/code/CDZQRScanningViewController

SPEC CHECKSUMS:
  BugSense: f53ea197df382f077356c454d0d4b8c48b3f1c5e
  CDZQRScanningViewController: e175e24edf26ecf707e7de0dd7b6fa38a6e10cb4
  SSDataSources: b0a093790457fa9ff5cda1ea43f11fa2bf7f3ddd

COCOAPODS: 0.33.1
