PODS:
  - BugSense (3.5.1)
  - CDZQRScanningViewController (1.0.6)
  - SSDataSources (0.3.3)

DEPENDENCIES:
  - BugSense
  - CDZQRScanningViewController (from `Vendor/CDZQRScanningViewController.podspec`)
  - SSDataSources

EXTERNAL SOURCES:
  CDZQRScanningViewController:
    :podspec: Vendor/CDZQRScanningViewController.podspec

SPEC CHECKSUMS:
  BugSense: d6c7be4f7edef7ac0d3867a0aa83bc339587a9b2
  CDZQRScanningViewController: d826453a46d03f4ebbb838a31ac0c9777b80a48a
  SSDataSources: bbb6010cafcb70dda9255e241c83d1c816b44200

COCOAPODS: 0.33.1
